
Microsoft Visual Studio Solution File, Format Version 12.00
# Visual Studio Version 17
VisualStudioVersion = 17.0.31903.59
MinimumVisualStudioVersion = 10.0.40219.1
Project("{2150E333-8FDC-42A3-9474-1A3956D46DE8}") = "src", "src", "{827E0CD3-B72D-47B6-A68D-7590B98EB39B}"
EndProject
Project("{FAE04EC0-301F-11D3-BF4B-00C04F79EFBC}") = "Sift.Ai", "src\Sift.Ai\Sift.Ai.csproj", "{04883A79-2E25-4EE4-BA52-98492A464E25}"
EndProject
Project("{FAE04EC0-301F-11D3-BF4B-00C04F79EFBC}") = "Sift.Domain", "src\Sift.Domain\Sift.Domain.csproj", "{18BF6A31-265D-403C-92E2-6F973FD3C325}"
EndProject
Project("{FAE04EC0-301F-11D3-BF4B-00C04F79EFBC}") = "Sift.Application", "src\Sift.Application\Sift.Application.csproj", "{87543FCA-0689-4DAF-BF82-F72BB6CDF778}"
EndProject
Project("{FAE04EC0-301F-11D3-BF4B-00C04F79EFBC}") = "Sift.Api", "src\Sift.Api\Sift.Api.csproj", "{40950E02-E5CD-4628-83B5-56E662DFCC95}"
EndProject
Project("{FAE04EC0-301F-11D3-BF4B-00C04F79EFBC}") = "Sift.Infrastructure", "src\Sift.Infrastructure\Sift.Infrastructure.csproj", "{3493BA21-AEE5-4CDE-A5EA-80A80B3AD037}"
EndProject
Project("{FAE04EC0-301F-11D3-BF4B-00C04F79EFBC}") = "Sift.Ingestion", "src\Sift.Ingestion\Sift.Ingestion.csproj", "{D8A3E210-B427-4385-8B07-C025D2600653}"
EndProject
Project("{FAE04EC0-301F-11D3-BF4B-00C04F79EFBC}") = "Sift.Web", "src\Sift.Web\Sift.Web.csproj", "{EAD00CD5-A757-47DC-958D-31A812DDC50C}"
EndProject
Project("{2150E333-8FDC-42A3-9474-1A3956D46DE8}") = "tests", "tests", "{0AB3BF05-4346-4AA6-1389-037BE0695223}"
EndProject
Project("{FAE04EC0-301F-11D3-BF4B-00C04F79EFBC}") = "Sift.AiEvals", "tests\Sift.AiEvals\Sift.AiEvals.csproj", "{EAED9E1D-9C42-4783-9706-642AB1E5F3FF}"
EndProject
Project("{FAE04EC0-301F-11D3-BF4B-00C04F79EFBC}") = "Sift.BacktestTests", "tests\Sift.BacktestTests\Sift.BacktestTests.csproj", "{BE653DE3-6C9C-4331-A944-A6C5AD790065}"
EndProject
Project("{FAE04EC0-301F-11D3-BF4B-00C04F79EFBC}") = "Sift.IntegrationTests", "tests\Sift.IntegrationTests\Sift.IntegrationTests.csproj", "{260462F4-D56A-45B6-A790-16A8A1A74E76}"
EndProject
Project("{FAE04EC0-301F-11D3-BF4B-00C04F79EFBC}") = "Sift.UnitTests", "tests\Sift.UnitTests\Sift.UnitTests.csproj", "{4FD6B7C8-4888-46C0-819E-B6F00FFBA8A9}"
EndProject
Global
	GlobalSection(SolutionConfigurationPlatforms) = preSolution
		Debug|Any CPU = Debug|Any CPU
		Debug|x64 = Debug|x64
		Debug|x86 = Debug|x86
		Release|Any CPU = Release|Any CPU
		Release|x64 = Release|x64
		Release|x86 = Release|x86
	EndGlobalSection
	GlobalSection(ProjectConfigurationPlatforms) = postSolution
		{04883A79-2E25-4EE4-BA52-98492A464E25}.Debug|Any CPU.ActiveCfg = Debug|Any CPU
		{04883A79-2E25-4EE4-BA52-98492A464E25}.Debug|Any CPU.Build.0 = Debug|Any CPU
		{04883A79-2E25-4EE4-BA52-98492A464E25}.Debug|x64.ActiveCfg = Debug|Any CPU
		{04883A79-2E25-4EE4-BA52-98492A464E25}.Debug|x64.Build.0 = Debug|Any CPU
		{04883A79-2E25-4EE4-BA52-98492A464E25}.Debug|x86.ActiveCfg = Debug|Any CPU
		{04883A79-2E25-4EE4-BA52-98492A464E25}.Debug|x86.Build.0 = Debug|Any CPU
		{04883A79-2E25-4EE4-BA52-98492A464E25}.Release|Any CPU.ActiveCfg = Release|Any CPU
		{04883A79-2E25-4EE4-BA52-98492A464E25}.Release|Any CPU.Build.0 = Release|Any CPU
		{04883A79-2E25-4EE4-BA52-98492A464E25}.Release|x64.ActiveCfg = Release|Any CPU
		{04883A79-2E25-4EE4-BA52-98492A464E25}.Release|x64.Build.0 = Release|Any CPU
		{04883A79-2E25-4EE4-BA52-98492A464E25}.Release|x86.ActiveCfg = Release|Any CPU
		{04883A79-2E25-4EE4-BA52-98492A464E25}.Release|x86.Build.0 = Release|Any CPU
		{18BF6A31-265D-403C-92E2-6F973FD3C325}.Debug|Any CPU.ActiveCfg = Debug|Any CPU
		{18BF6A31-265D-403C-92E2-6F973FD3C325}.Debug|Any CPU.Build.0 = Debug|Any CPU
		{18BF6A31-265D-403C-92E2-6F973FD3C325}.Debug|x64.ActiveCfg = Debug|Any CPU
		{18BF6A31-265D-403C-92E2-6F973FD3C325}.Debug|x64.Build.0 = Debug|Any CPU
		{18BF6A31-265D-403C-92E2-6F973FD3C325}.Debug|x86.ActiveCfg = Debug|Any CPU
		{18BF6A31-265D-403C-92E2-6F973FD3C325}.Debug|x86.Build.0 = Debug|Any CPU
		{18BF6A31-265D-403C-92E2-6F973FD3C325}.Release|Any CPU.ActiveCfg = Release|Any CPU
		{18BF6A31-265D-403C-92E2-6F973FD3C325}.Release|Any CPU.Build.0 = Release|Any CPU
		{18BF6A31-265D-403C-92E2-6F973FD3C325}.Release|x64.ActiveCfg = Release|Any CPU
		{18BF6A31-265D-403C-92E2-6F973FD3C325}.Release|x64.Build.0 = Release|Any CPU
		{18BF6A31-265D-403C-92E2-6F973FD3C325}.Release|x86.ActiveCfg = Release|Any CPU
		{18BF6A31-265D-403C-92E2-6F973FD3C325}.Release|x86.Build.0 = Release|Any CPU
		{87543FCA-0689-4DAF-BF82-F72BB6CDF778}.Debug|Any CPU.ActiveCfg = Debug|Any CPU
		{87543FCA-0689-4DAF-BF82-F72BB6CDF778}.Debug|Any CPU.Build.0 = Debug|Any CPU
		{87543FCA-0689-4DAF-BF82-F72BB6CDF778}.Debug|x64.ActiveCfg = Debug|Any CPU
		{87543FCA-0689-4DAF-BF82-F72BB6CDF778}.Debug|x64.Build.0 = Debug|Any CPU
		{87543FCA-0689-4DAF-BF82-F72BB6CDF778}.Debug|x86.ActiveCfg = Debug|Any CPU
		{87543FCA-0689-4DAF-BF82-F72BB6CDF778}.Debug|x86.Build.0 = Debug|Any CPU
		{87543FCA-0689-4DAF-BF82-F72BB6CDF778}.Release|Any CPU.ActiveCfg = Release|Any CPU
		{87543FCA-0689-4DAF-BF82-F72BB6CDF778}.Release|Any CPU.Build.0 = Release|Any CPU
		{87543FCA-0689-4DAF-BF82-F72BB6CDF778}.Release|x64.ActiveCfg = Release|Any CPU
		{87543FCA-0689-4DAF-BF82-F72BB6CDF778}.Release|x64.Build.0 = Release|Any CPU
		{87543FCA-0689-4DAF-BF82-F72BB6CDF778}.Release|x86.ActiveCfg = Release|Any CPU
		{87543FCA-0689-4DAF-BF82-F72BB6CDF778}.Release|x86.Build.0 = Release|Any CPU
		{40950E02-E5CD-4628-83B5-56E662DFCC95}.Debug|Any CPU.ActiveCfg = Debug|Any CPU
		{40950E02-E5CD-4628-83B5-56E662DFCC95}.Debug|Any CPU.Build.0 = Debug|Any CPU
		{40950E02-E5CD-4628-83B5-56E662DFCC95}.Debug|x64.ActiveCfg = Debug|Any CPU
		{40950E02-E5CD-4628-83B5-56E662DFCC95}.Debug|x64.Build.0 = Debug|Any CPU
		{40950E02-E5CD-4628-83B5-56E662DFCC95}.Debug|x86.ActiveCfg = Debug|Any CPU
		{40950E02-E5CD-4628-83B5-56E662DFCC95}.Debug|x86.Build.0 = Debug|Any CPU
		{40950E02-E5CD-4628-83B5-56E662DFCC95}.Release|Any CPU.ActiveCfg = Release|Any CPU
		{40950E02-E5CD-4628-83B5-56E662DFCC95}.Release|Any CPU.Build.0 = Release|Any CPU
		{40950E02-E5CD-4628-83B5-56E662DFCC95}.Release|x64.ActiveCfg = Release|Any CPU
		{40950E02-E5CD-4628-83B5-56E662DFCC95}.Release|x64.Build.0 = Release|Any CPU
		{40950E02-E5CD-4628-83B5-56E662DFCC95}.Release|x86.ActiveCfg = Release|Any CPU
		{40950E02-E5CD-4628-83B5-56E662DFCC95}.Release|x86.Build.0 = Release|Any CPU
		{3493BA21-AEE5-4CDE-A5EA-80A80B3AD037}.Debug|Any CPU.ActiveCfg = Debug|Any CPU
		{3493BA21-AEE5-4CDE-A5EA-80A80B3AD037}.Debug|Any CPU.Build.0 = Debug|Any CPU
		{3493BA21-AEE5-4CDE-A5EA-80A80B3AD037}.Debug|x64.ActiveCfg = Debug|Any CPU
		{3493BA21-AEE5-4CDE-A5EA-80A80B3AD037}.Debug|x64.Build.0 = Debug|Any CPU
		{3493BA21-AEE5-4CDE-A5EA-80A80B3AD037}.Debug|x86.ActiveCfg = Debug|Any CPU
		{3493BA21-AEE5-4CDE-A5EA-80A80B3AD037}.Debug|x86.Build.0 = Debug|Any CPU
		{3493BA21-AEE5-4CDE-A5EA-80A80B3AD037}.Release|Any CPU.ActiveCfg = Release|Any CPU
		{3493BA21-AEE5-4CDE-A5EA-80A80B3AD037}.Release|Any CPU.Build.0 = Release|Any CPU
		{3493BA21-AEE5-4CDE-A5EA-80A80B3AD037}.Release|x64.ActiveCfg = Release|Any CPU
		{3493BA21-AEE5-4CDE-A5EA-80A80B3AD037}.Release|x64.Build.0 = Release|Any CPU
		{3493BA21-AEE5-4CDE-A5EA-80A80B3AD037}.Release|x86.ActiveCfg = Release|Any CPU
		{3493BA21-AEE5-4CDE-A5EA-80A80B3AD037}.Release|x86.Build.0 = Release|Any CPU
		{D8A3E210-B427-4385-8B07-C025D2600653}.Debug|Any CPU.ActiveCfg = Debug|Any CPU
		{D8A3E210-B427-4385-8B07-C025D2600653}.Debug|Any CPU.Build.0 = Debug|Any CPU
		{D8A3E210-B427-4385-8B07-C025D2600653}.Debug|x64.ActiveCfg = Debug|Any CPU
		{D8A3E210-B427-4385-8B07-C025D2600653}.Debug|x64.Build.0 = Debug|Any CPU
		{D8A3E210-B427-4385-8B07-C025D2600653}.Debug|x86.ActiveCfg = Debug|Any CPU
		{D8A3E210-B427-4385-8B07-C025D2600653}.Debug|x86.Build.0 = Debug|Any CPU
		{D8A3E210-B427-4385-8B07-C025D2600653}.Release|Any CPU.ActiveCfg = Release|Any CPU
		{D8A3E210-B427-4385-8B07-C025D2600653}.Release|Any CPU.Build.0 = Release|Any CPU
		{D8A3E210-B427-4385-8B07-C025D2600653}.Release|x64.ActiveCfg = Release|Any CPU
		{D8A3E210-B427-4385-8B07-C025D2600653}.Release|x64.Build.0 = Release|Any CPU
		{D8A3E210-B427-4385-8B07-C025D2600653}.Release|x86.ActiveCfg = Release|Any CPU
		{D8A3E210-B427-4385-8B07-C025D2600653}.Release|x86.Build.0 = Release|Any CPU
		{EAD00CD5-A757-47DC-958D-31A812DDC50C}.Debug|Any CPU.ActiveCfg = Debug|Any CPU
		{EAD00CD5-A757-47DC-958D-31A812DDC50C}.Debug|Any CPU.Build.0 = Debug|Any CPU
		{EAD00CD5-A757-47DC-958D-31A812DDC50C}.Debug|x64.ActiveCfg = Debug|Any CPU
		{EAD00CD5-A757-47DC-958D-31A812DDC50C}.Debug|x64.Build.0 = Debug|Any CPU
		{EAD00CD5-A757-47DC-958D-31A812DDC50C}.Debug|x86.ActiveCfg = Debug|Any CPU
		{EAD00CD5-A757-47DC-958D-31A812DDC50C}.Debug|x86.Build.0 = Debug|Any CPU
		{EAD00CD5-A757-47DC-958D-31A812DDC50C}.Release|Any CPU.ActiveCfg = Release|Any CPU
		{EAD00CD5-A757-47DC-958D-31A812DDC50C}.Release|Any CPU.Build.0 = Release|Any CPU
		{EAD00CD5-A757-47DC-958D-31A812DDC50C}.Release|x64.ActiveCfg = Release|Any CPU
		{EAD00CD5-A757-47DC-958D-31A812DDC50C}.Release|x64.Build.0 = Release|Any CPU
		{EAD00CD5-A757-47DC-958D-31A812DDC50C}.Release|x86.ActiveCfg = Release|Any CPU
		{EAD00CD5-A757-47DC-958D-31A812DDC50C}.Release|x86.Build.0 = Release|Any CPU
		{EAED9E1D-9C42-4783-9706-642AB1E5F3FF}.Debug|Any CPU.ActiveCfg = Debug|Any CPU
		{EAED9E1D-9C42-4783-9706-642AB1E5F3FF}.Debug|Any CPU.Build.0 = Debug|Any CPU
		{EAED9E1D-9C42-4783-9706-642AB1E5F3FF}.Debug|x64.ActiveCfg = Debug|Any CPU
		{EAED9E1D-9C42-4783-9706-642AB1E5F3FF}.Debug|x64.Build.0 = Debug|Any CPU
		{EAED9E1D-9C42-4783-9706-642AB1E5F3FF}.Debug|x86.ActiveCfg = Debug|Any CPU
		{EAED9E1D-9C42-4783-9706-642AB1E5F3FF}.Debug|x86.Build.0 = Debug|Any CPU
		{EAED9E1D-9C42-4783-9706-642AB1E5F3FF}.Release|Any CPU.ActiveCfg = Release|Any CPU
		{EAED9E1D-9C42-4783-9706-642AB1E5F3FF}.Release|Any CPU.Build.0 = Release|Any CPU
		{EAED9E1D-9C42-4783-9706-642AB1E5F3FF}.Release|x64.ActiveCfg = Release|Any CPU
		{EAED9E1D-9C42-4783-9706-642AB1E5F3FF}.Release|x64.Build.0 = Release|Any CPU
		{EAED9E1D-9C42-4783-9706-642AB1E5F3FF}.Release|x86.ActiveCfg = Release|Any CPU
		{EAED9E1D-9C42-4783-9706-642AB1E5F3FF}.Release|x86.Build.0 = Release|Any CPU
		{BE653DE3-6C9C-4331-A944-A6C5AD790065}.Debug|Any CPU.ActiveCfg = Debug|Any CPU
		{BE653DE3-6C9C-4331-A944-A6C5AD790065}.Debug|Any CPU.Build.0 = Debug|Any CPU
		{BE653DE3-6C9C-4331-A944-A6C5AD790065}.Debug|x64.ActiveCfg = Debug|Any CPU
		{BE653DE3-6C9C-4331-A944-A6C5AD790065}.Debug|x64.Build.0 = Debug|Any CPU
		{BE653DE3-6C9C-4331-A944-A6C5AD790065}.Debug|x86.ActiveCfg = Debug|Any CPU
		{BE653DE3-6C9C-4331-A944-A6C5AD790065}.Debug|x86.Build.0 = Debug|Any CPU
		{BE653DE3-6C9C-4331-A944-A6C5AD790065}.Release|Any CPU.ActiveCfg = Release|Any CPU
		{BE653DE3-6C9C-4331-A944-A6C5AD790065}.Release|Any CPU.Build.0 = Release|Any CPU
		{BE653DE3-6C9C-4331-A944-A6C5AD790065}.Release|x64.ActiveCfg = Release|Any CPU
		{BE653DE3-6C9C-4331-A944-A6C5AD790065}.Release|x64.Build.0 = Release|Any CPU
		{BE653DE3-6C9C-4331-A944-A6C5AD790065}.Release|x86.ActiveCfg = Release|Any CPU
		{BE653DE3-6C9C-4331-A944-A6C5AD790065}.Release|x86.Build.0 = Release|Any CPU
		{260462F4-D56A-45B6-A790-16A8A1A74E76}.Debug|Any CPU.ActiveCfg = Debug|Any CPU
		{260462F4-D56A-45B6-A790-16A8A1A74E76}.Debug|Any CPU.Build.0 = Debug|Any CPU
		{260462F4-D56A-45B6-A790-16A8A1A74E76}.Debug|x64.ActiveCfg = Debug|Any CPU
		{260462F4-D56A-45B6-A790-16A8A1A74E76}.Debug|x64.Build.0 = Debug|Any CPU
		{260462F4-D56A-45B6-A790-16A8A1A74E76}.Debug|x86.ActiveCfg = Debug|Any CPU
		{260462F4-D56A-45B6-A790-16A8A1A74E76}.Debug|x86.Build.0 = Debug|Any CPU
		{260462F4-D56A-45B6-A790-16A8A1A74E76}.Release|Any CPU.ActiveCfg = Release|Any CPU
		{260462F4-D56A-45B6-A790-16A8A1A74E76}.Release|Any CPU.Build.0 = Release|Any CPU
		{260462F4-D56A-45B6-A790-16A8A1A74E76}.Release|x64.ActiveCfg = Release|Any CPU
		{260462F4-D56A-45B6-A790-16A8A1A74E76}.Release|x64.Build.0 = Release|Any CPU
		{260462F4-D56A-45B6-A790-16A8A1A74E76}.Release|x86.ActiveCfg = Release|Any CPU
		{260462F4-D56A-45B6-A790-16A8A1A74E76}.Release|x86.Build.0 = Release|Any CPU
		{4FD6B7C8-4888-46C0-819E-B6F00FFBA8A9}.Debug|Any CPU.ActiveCfg = Debug|Any CPU
		{4FD6B7C8-4888-46C0-819E-B6F00FFBA8A9}.Debug|Any CPU.Build.0 = Debug|Any CPU
		{4FD6B7C8-4888-46C0-819E-B6F00FFBA8A9}.Debug|x64.ActiveCfg = Debug|Any CPU
		{4FD6B7C8-4888-46C0-819E-B6F00FFBA8A9}.Debug|x64.Build.0 = Debug|Any CPU
		{4FD6B7C8-4888-46C0-819E-B6F00FFBA8A9}.Debug|x86.ActiveCfg = Debug|Any CPU
		{4FD6B7C8-4888-46C0-819E-B6F00FFBA8A9}.Debug|x86.Build.0 = Debug|Any CPU
		{4FD6B7C8-4888-46C0-819E-B6F00FFBA8A9}.Release|Any CPU.ActiveCfg = Release|Any CPU
		{4FD6B7C8-4888-46C0-819E-B6F00FFBA8A9}.Release|Any CPU.Build.0 = Release|Any CPU
		{4FD6B7C8-4888-46C0-819E-B6F00FFBA8A9}.Release|x64.ActiveCfg = Release|Any CPU
		{4FD6B7C8-4888-46C0-819E-B6F00FFBA8A9}.Release|x64.Build.0 = Release|Any CPU
		{4FD6B7C8-4888-46C0-819E-B6F00FFBA8A9}.Release|x86.ActiveCfg = Release|Any CPU
		{4FD6B7C8-4888-46C0-819E-B6F00FFBA8A9}.Release|x86.Build.0 = Release|Any CPU
	EndGlobalSection
	GlobalSection(SolutionProperties) = preSolution
		HideSolutionNode = FALSE
	EndGlobalSection
	GlobalSection(NestedProjects) = preSolution
		{04883A79-2E25-4EE4-BA52-98492A464E25} = {827E0CD3-B72D-47B6-A68D-7590B98EB39B}
		{18BF6A31-265D-403C-92E2-6F973FD3C325} = {827E0CD3-B72D-47B6-A68D-7590B98EB39B}
		{87543FCA-0689-4DAF-BF82-F72BB6CDF778} = {827E0CD3-B72D-47B6-A68D-7590B98EB39B}
		{40950E02-E5CD-4628-83B5-56E662DFCC95} = {827E0CD3-B72D-47B6-A68D-7590B98EB39B}
		{3493BA21-AEE5-4CDE-A5EA-80A80B3AD037} = {827E0CD3-B72D-47B6-A68D-7590B98EB39B}
		{D8A3E210-B427-4385-8B07-C025D2600653} = {827E0CD3-B72D-47B6-A68D-7590B98EB39B}
		{EAD00CD5-A757-47DC-958D-31A812DDC50C} = {827E0CD3-B72D-47B6-A68D-7590B98EB39B}
		{EAED9E1D-9C42-4783-9706-642AB1E5F3FF} = {0AB3BF05-4346-4AA6-1389-037BE0695223}
		{BE653DE3-6C9C-4331-A944-A6C5AD790065} = {0AB3BF05-4346-4AA6-1389-037BE0695223}
		{260462F4-D56A-45B6-A790-16A8A1A74E76} = {0AB3BF05-4346-4AA6-1389-037BE0695223}
		{4FD6B7C8-4888-46C0-819E-B6F00FFBA8A9} = {0AB3BF05-4346-4AA6-1389-037BE0695223}
	EndGlobalSection
EndGlobal
